<Solution>
  <Folder Name="/modules/" />
  <Folder Name="/modules/workspace.verification/" />
  <Folder Name="/modules/workspace.verification/Module.Verification.Diagnostics/" />
  <Folder Name="/modules/workspace.verification/Module.Verification.Diagnostics/src/" />
  <Folder Name="/modules/workspace.verification/Module.Verification.Diagnostics/src/Diagnostics/">
    <Project Path="modules/workspace.verification/Module.Verification.Diagnostics/src/Diagnostics/Module.Verification.Diagnostics.csproj" />
  </Folder>
  <Folder Name="/modules/workspace.verification/Module.Verification.Evidence/" />
  <Folder Name="/modules/workspace.verification/Module.Verification.Evidence/src/">
    <Project Path="modules/workspace.verification/Module.Verification.Evidence/src/Module.Verification.Evidence.csproj" />
  </Folder>
  <Folder Name="/modules/workspace.verification/Module.Verification.Invariant/" />
  <Folder Name="/modules/workspace.verification/Module.Verification.Invariant/src/">
    <Project Path="modules/workspace.verification/Module.Verification.Invariant/src/Module.Verification.Invariant.csproj" />
  </Folder>
  <Folder Name="/modules/workspace.verification/Module.Verification.Oracle/" />
  <Folder Name="/modules/workspace.verification/Module.Verification.Oracle/src/">
    <Project Path="modules/workspace.verification/Module.Verification.Oracle/src/Module.Verification.Oracle.csproj" />
  </Folder>
  <Folder Name="/modules/workspace.verification/Module.Verification.RuntimeControl/" />
  <Folder Name="/modules/workspace.verification/Module.Verification.RuntimeControl/src/">
    <Project Path="modules/workspace.verification/Module.Verification.RuntimeControl/src/Module.Verification.RuntimeControl.csproj" />
  </Folder>
  <Folder Name="/modules/workspace.verification/Module.Verification.StateSnapshot/" />
  <Folder Name="/modules/workspace.verification/Module.Verification.StateSnapshot/src/">
    <Project Path="modules/workspace.verification/Module.Verification.StateSnapshot/src/Module.Verification.StateSnapshot.csproj" />
  </Folder>
  <Folder Name="/modules/workspace.verification/Module.Verification.SystemFact.Observability/" />
  <Folder Name="/modules/workspace.verification/Module.Verification.SystemFact.Observability/src/">
    <Project Path="modules/workspace.verification/Module.Verification.SystemFact.Observability/src/Module.Verification.SystemFact.Observability.csproj" />
  </Folder>
  <Folder Name="/modules/workspace.verification/Module.Verification.SystemFact/" />
  <Folder Name="/modules/workspace.verification/Module.Verification.SystemFact/src/">
    <Project Path="modules/workspace.verification/Module.Verification.SystemFact/src/Module.Verification.SystemFact.csproj" />
  </Folder>
  <Folder Name="/modules/workspace.verification/Module.Verification.TraceBuffer/" />
  <Folder Name="/modules/workspace.verification/Module.Verification.TraceBuffer/src/">
    <Project Path="modules/workspace.verification/Module.Verification.TraceBuffer/src/Module.Verification.TraceBuffer.csproj" />
  </Folder>
  <Folder Name="/src/">
    <Project Path="src/TinyArena.Application/TinyArena.Application.csproj" />
    <Project Path="src/TinyArena.Console/TinyArena.Console.csproj" />
    <Project Path="src/TinyArena.Domain/TinyArena.Domain.csproj" />
    <Project Path="src/TinyArena.Infrastructure/TinyArena.Infrastructure.csproj" />
    <Project Path="src/TinyArena.Verification/TinyArena.Verification.csproj" />
  </Folder>
  <Folder Name="/tests/">
    <Project Path="tests/TinyArena.AcceptanceTests/TinyArena.AcceptanceTests.csproj" />
    <Project Path="tests/TinyArena.Application.Tests/TinyArena.Application.Tests.csproj" />
    <Project Path="tests/TinyArena.Domain.Tests/TinyArena.Domain.Tests.csproj" />
    <Project Path="tests/TinyArena.Verification.Tests/TinyArena.Verification.Tests.csproj" />
  </Folder>
</Solution>
